
Microsoft Visual Studio Solution File, Format Version 12.00
# Visual Studio Version 17
VisualStudioVersion = 17.0.31903.59
MinimumVisualStudioVersion = 10.0.40219.1
Project("{2150E333-8FDC-42A3-9474-1A3956D46DE8}") = "source", "source", "{816E303F-3741-4FFE-94AE-7A098882D6FE}"
EndProject
Project("{2150E333-8FDC-42A3-9474-1A3956D46DE8}") = "Microservices", "Microservices", "{5DFFC0CF-22A7-4112-80B9-1B095D8F9636}"
EndProject
Project("{9A19103F-16F7-4668-BE54-9A1E7A4F7556}") = "ExpressStore.Modules.ActivityLog", "source\Microservices\ExpressStore.Modules.ActivityLog\ExpressStore.Modules.ActivityLog.csproj", "{2F1866A6-E184-4546-AE48-F205986AF020}"
EndProject
Project("{2150E333-8FDC-42A3-9474-1A3956D46DE8}") = "test", "test", "{03C24110-3C1F-4317-899B-765F8F60DBBB}"
EndProject
Project("{9A19103F-16F7-4668-BE54-9A1E7A4F7556}") = "ExpressStore.Modules.ActivityLog.Tests", "test\ExpressStore.Modules.ActivityLog.Tests\ExpressStore.Modules.ActivityLog.Tests.csproj", "{B8243881-34CF-4C27-9FEE-5203EBA7F8C4}"
EndProject
Project("{2150E333-8FDC-42A3-9474-1A3956D46DE8}") = "Infrastructure", "Infrastructure", "{54B70AFC-17C9-435E-95A9-17DF80144C81}"
EndProject
Project("{9A19103F-16F7-4668-BE54-9A1E7A4F7556}") = "ExpressStore.Infrastructure", "source\Infrastructure\ExpressStore.Infrastructure\ExpressStore.Infrastructure.csproj", "{657EE299-234C-47BB-B699-C68F6EECFD20}"
EndProject
Project("{9A19103F-16F7-4668-BE54-9A1E7A4F7556}") = "ExpressStore.Infrastructure.Tests", "test\ExpressStore.Infrastructure.Tests\ExpressStore.Infrastructure.Tests.csproj", "{FF52FC73-3748-44F0-B07F-F86124454206}"
EndProject
Global
	GlobalSection(SolutionConfigurationPlatforms) = preSolution
		Debug|Any CPU = Debug|Any CPU
		Release|Any CPU = Release|Any CPU
	EndGlobalSection
	GlobalSection(ProjectConfigurationPlatforms) = postSolution
		{2F1866A6-E184-4546-AE48-F205986AF020}.Debug|Any CPU.ActiveCfg = Debug|Any CPU
		{2F1866A6-E184-4546-AE48-F205986AF020}.Debug|Any CPU.Build.0 = Debug|Any CPU
		{2F1866A6-E184-4546-AE48-F205986AF020}.Release|Any CPU.ActiveCfg = Release|Any CPU
		{2F1866A6-E184-4546-AE48-F205986AF020}.Release|Any CPU.Build.0 = Release|Any CPU
		{B8243881-34CF-4C27-9FEE-5203EBA7F8C4}.Debug|Any CPU.ActiveCfg = Debug|Any CPU
		{B8243881-34CF-4C27-9FEE-5203EBA7F8C4}.Debug|Any CPU.Build.0 = Debug|Any CPU
		{B8243881-34CF-4C27-9FEE-5203EBA7F8C4}.Release|Any CPU.ActiveCfg = Release|Any CPU
		{B8243881-34CF-4C27-9FEE-5203EBA7F8C4}.Release|Any CPU.Build.0 = Release|Any CPU
		{657EE299-234C-47BB-B699-C68F6EECFD20}.Debug|Any CPU.ActiveCfg = Debug|Any CPU
		{657EE299-234C-47BB-B699-C68F6EECFD20}.Debug|Any CPU.Build.0 = Debug|Any CPU
		{657EE299-234C-47BB-B699-C68F6EECFD20}.Release|Any CPU.ActiveCfg = Release|Any CPU
		{657EE299-234C-47BB-B699-C68F6EECFD20}.Release|Any CPU.Build.0 = Release|Any CPU
		{FF52FC73-3748-44F0-B07F-F86124454206}.Debug|Any CPU.ActiveCfg = Debug|Any CPU
		{FF52FC73-3748-44F0-B07F-F86124454206}.Debug|Any CPU.Build.0 = Debug|Any CPU
		{FF52FC73-3748-44F0-B07F-F86124454206}.Release|Any CPU.ActiveCfg = Release|Any CPU
		{FF52FC73-3748-44F0-B07F-F86124454206}.Release|Any CPU.Build.0 = Release|Any CPU
	EndGlobalSection
	GlobalSection(SolutionProperties) = preSolution
		HideSolutionNode = FALSE
	EndGlobalSection
	GlobalSection(NestedProjects) = preSolution
		{5DFFC0CF-22A7-4112-80B9-1B095D8F9636} = {816E303F-3741-4FFE-94AE-7A098882D6FE}
		{2F1866A6-E184-4546-AE48-F205986AF020} = {5DFFC0CF-22A7-4112-80B9-1B095D8F9636}
		{B8243881-34CF-4C27-9FEE-5203EBA7F8C4} = {03C24110-3C1F-4317-899B-765F8F60DBBB}
		{54B70AFC-17C9-435E-95A9-17DF80144C81} = {816E303F-3741-4FFE-94AE-7A098882D6FE}
		{657EE299-234C-47BB-B699-C68F6EECFD20} = {54B70AFC-17C9-435E-95A9-17DF80144C81}
		{FF52FC73-3748-44F0-B07F-F86124454206} = {03C24110-3C1F-4317-899B-765F8F60DBBB}
	EndGlobalSection
	GlobalSection(ExtensibilityGlobals) = postSolution
		SolutionGuid = {7C7BD393-AA08-4FA4-ADC0-9883F17DF2FD}
	EndGlobalSection
EndGlobal
